
Microsoft Visual Studio Solution File, Format Version 12.00
# Visual Studio Version 17
VisualStudioVersion = 17.12.35707.178 d17.12
MinimumVisualStudioVersion = 10.0.40219.1
Project("{FAE04EC0-301F-11D3-BF4B-00C04F79EFBC}") = "PI_2025_I_P2_LABORATORIO2_MEJORADO", "PI_2025_I_P2_LABORATORIO2_MEJORADO\PI_2025_I_P2_LABORATORIO2_MEJORADO.csproj", "{D91E5D5A-0EAD-45B9-93C0-793D655648D2}"
EndProject
Global
	GlobalSection(SolutionConfigurationPlatforms) = preSolution
		Debug|Any CPU = Debug|Any CPU
		Release|Any CPU = Release|Any CPU
	EndGlobalSection
	GlobalSection(ProjectConfigurationPlatforms) = postSolution
		{D91E5D5A-0EAD-45B9-93C0-793D655648D2}.Debug|Any CPU.ActiveCfg = Debug|Any CPU
		{D91E5D5A-0EAD-45B9-93C0-793D655648D2}.Debug|Any CPU.Build.0 = Debug|Any CPU
		{D91E5D5A-0EAD-45B9-93C0-793D655648D2}.Release|Any CPU.ActiveCfg = Release|Any CPU
		{D91E5D5A-0EAD-45B9-93C0-793D655648D2}.Release|Any CPU.Build.0 = Release|Any CPU
	EndGlobalSection
	GlobalSection(SolutionProperties) = preSolution
		HideSolutionNode = FALSE
	EndGlobalSection
EndGlobal
